
Microsoft Visual Studio Solution File, Format Version 12.00
# Visual Studio Version 17
VisualStudioVersion = 17.7.34031.279
MinimumVisualStudioVersion = 10.0.40219.1
Project("{FAE04EC0-301F-11D3-BF4B-00C04F79EFBC}") = "HesapMakinesi", "HesapMakinesi\HesapMakinesi.csproj", "{0175C2DE-9F80-41F3-AB4F-CD40BC873593}"
EndProject
Global
	GlobalSection(SolutionConfigurationPlatforms) = preSolution
		Debug|Any CPU = Debug|Any CPU
		Release|Any CPU = Release|Any CPU
	EndGlobalSection
	GlobalSection(ProjectConfigurationPlatforms) = postSolution
		{0175C2DE-9F80-41F3-AB4F-CD40BC873593}.Debug|Any CPU.ActiveCfg = Debug|Any CPU
		{0175C2DE-9F80-41F3-AB4F-CD40BC873593}.Debug|Any CPU.Build.0 = Debug|Any CPU
		{0175C2DE-9F80-41F3-AB4F-CD40BC873593}.Release|Any CPU.ActiveCfg = Release|Any CPU
		{0175C2DE-9F80-41F3-AB4F-CD40BC873593}.Release|Any CPU.Build.0 = Release|Any CPU
	EndGlobalSection
	GlobalSection(SolutionProperties) = preSolution
		HideSolutionNode = FALSE
	EndGlobalSection
	GlobalSection(ExtensibilityGlobals) = postSolution
		SolutionGuid = {37D00060-5E94-42D5-B291-9C320FEED229}
	EndGlobalSection
EndGlobal
